<?xml version="1.0" encoding="utf-8"?>
<Project ToolsVersion="4.0" xmlns="http://schemas.microsoft.com/developer/msbuild/2003">
  <ItemGroup>
    <Filter Include="Source Files">
      <UniqueIdentifier>{4FC737F1-C7A5-4376-A066-2A32D752A2FF}</UniqueIdentifier>
      <Extensions>cpp;c;cc;cxx;def;odl;idl;hpj;bat;asm;asmx</Extensions>
    </Filter>
    <Filter Include="Header Files">
      <UniqueIdentifier>{93995380-89BD-4b04-88EB-625FBE52EBFB}</UniqueIdentifier>
      <Extensions>h;hh;hpp;hxx;hm;inl;inc;xsd</Extensions>
    </Filter>
    <Filter Include="Resource Files">
      <UniqueIdentifier>{67DA6AB6-F800-4c08-8B7A-83BB121AAD01}</UniqueIdentifier>
      <Extensions>rc;ico;cur;bmp;dlg;rc2;rct;bin;rgs;gif;jpg;jpeg;jpe;resx;tiff;tif;png;wav;mfcribbon-ms</Extensions>
    </Filter>
    <Filter Include="Commands">
      <UniqueIdentifier>{90cc26c0-4c4c-4f02-9326-ac8c4d368462}</UniqueIdentifier>
    </Filter>
    <Filter Include="Commands\CommandImpls">
      <UniqueIdentifier>{34eb1922-1cd9-4c9f-89fc-b59965f4ba5a}</UniqueIdentifier>
    </Filter>
  </ItemGroup>
  <ItemGroup>
    <ClInclude Include="stdafx.h">
      <Filter>Header Files</Filter>
    </ClInclude>
    <ClInclude Include="TheaterSales.h">
      <Filter>Header Files</Filter>
    </ClInclude>
    <ClInclude Include="TheaterSeatTracker.h">
      <Filter>Header Files</Filter>
    </ClInclude>
    <ClInclude Include="TheaterSeat.h">
      <Filter>Header Files</Filter>
    </ClInclude>
    <ClInclude Include="TheaterConfiguration.h">
      <Filter>Header Files</Filter>
    </ClInclude>
    <ClInclude Include="Exceptions.h">
      <Filter>Header Files</Filter>
    </ClInclude>
    <ClInclude Include="CommandRunner.h">
      <Filter>Commands</Filter>
    </ClInclude>
    <ClInclude Include="CommandTextParser.h">
      <Filter>Commands</Filter>
    </ClInclude>
    <ClInclude Include="ExitCommand.h">
      <Filter>Commands\CommandImpls</Filter>
    </ClInclude>
    <ClInclude Include="CommandFactory.h">
      <Filter>Commands</Filter>
    </ClInclude>
    <ClInclude Include="NotFoundCommand.h">
      <Filter>Commands\CommandImpls</Filter>
    </ClInclude>
    <ClInclude Include="TheaterCommand.h">
      <Filter>Commands</Filter>
    </ClInclude>
    <ClInclude Include="HelpCommand.h">
      <Filter>Commands\CommandImpls</Filter>
    </ClInclude>
    <ClInclude Include="TotalCommand.h">
      <Filter>Commands\CommandImpls</Filter>
    </ClInclude>
    <ClInclude Include="TheaterServices.h">
      <Filter>Header Files</Filter>
    </ClInclude>
    <ClInclude Include="SeatsCommand.h">
      <Filter>Commands\CommandImpls</Filter>
    </ClInclude>
    <ClInclude Include="SeatChartCommand.h">
      <Filter>Commands\CommandImpls</Filter>
    </ClInclude>
    <ClInclude Include="SaleCommand.h">
      <Filter>Commands\CommandImpls</Filter>
    </ClInclude>
  </ItemGroup>
  <ItemGroup>
    <ClCompile Include="stdafx.cpp">
      <Filter>Source Files</Filter>
    </ClCompile>
    <ClCompile Include="TheaterSales.cpp">
      <Filter>Source Files</Filter>
    </ClCompile>
    <ClCompile Include="TheaterSeatTracker.cpp">
      <Filter>Source Files</Filter>
    </ClCompile>
    <ClCompile Include="CommandRunner.cpp">
      <Filter>Commands</Filter>
    </ClCompile>
    <ClCompile Include="CommandTextParser.cpp">
      <Filter>Commands</Filter>
    </ClCompile>
    <ClCompile Include="CommandFactory.cpp">
      <Filter>Commands</Filter>
    </ClCompile>
    <ClCompile Include="HelpCommand.cpp">
      <Filter>Commands\CommandImpls</Filter>
    </ClCompile>
    <ClCompile Include="TotalCommand.cpp">
      <Filter>Commands\CommandImpls</Filter>
    </ClCompile>
  </ItemGroup>
</Project>